
Microsoft Visual Studio Solution File, Format Version 9.00
# Visual Studio 2005
Project("{8BC9CEB8-8B4A-11D0-8D11-00A0C91BC942}") = "testTopLevelWindowIterator", "testTopLevelWindowIterator.VS2005.vcproj", "{C275C319-F39C-4728-81C4-B16279EEC848}"
EndProject
Global
	GlobalSection(SolutionConfigurationPlatforms) = preSolution
		Debug|Win32 = Debug|Win32
		Release|Win32 = Release|Win32
	EndGlobalSection
	GlobalSection(ProjectConfigurationPlatforms) = postSolution
		{C275C319-F39C-4728-81C4-B16279EEC848}.Debug|Win32.ActiveCfg = Debug|Win32
		{C275C319-F39C-4728-81C4-B16279EEC848}.Debug|Win32.Build.0 = Debug|Win32
		{C275C319-F39C-4728-81C4-B16279EEC848}.Release|Win32.ActiveCfg = Release|Win32
		{C275C319-F39C-4728-81C4-B16279EEC848}.Release|Win32.Build.0 = Release|Win32
	EndGlobalSection
	GlobalSection(SolutionProperties) = preSolution
		HideSolutionNode = FALSE
	EndGlobalSection
EndGlobal
