Microsoft Visual Studio Solution File, Format Version 8.00
Project("{8BC9CEB8-8B4A-11D0-8D11-00A0C91BC942}") = "DisneyOnlineGames", "DisneyOnlineGames.Visual Studio 2003.vcproj", "{230D7CA9-17C1-4FF6-92E0-E620C7314D77}"
	ProjectSection(ProjectDependencies) = postProject
	EndProjectSection
EndProject
Global
	GlobalSection(SolutionConfiguration) = preSolution
		Debug = Debug
		Release = Release
	EndGlobalSection
	GlobalSection(ProjectConfiguration) = postSolution
		{230D7CA9-17C1-4FF6-92E0-E620C7314D77}.Debug.ActiveCfg = Debug|Win32
		{230D7CA9-17C1-4FF6-92E0-E620C7314D77}.Debug.Build.0 = Debug|Win32
		{230D7CA9-17C1-4FF6-92E0-E620C7314D77}.Release.ActiveCfg = Release|Win32
		{230D7CA9-17C1-4FF6-92E0-E620C7314D77}.Release.Build.0 = Release|Win32
	EndGlobalSection
	GlobalSection(ExtensibilityGlobals) = postSolution
	EndGlobalSection
	GlobalSection(ExtensibilityAddIns) = postSolution
	EndGlobalSection
EndGlobal
